// !$*UTF8*$!
{
	archiveVersion = 1;
	classes = {
	};
	objectVersion = 50;
	objects = {

/* Begin PBXBuildFile section */
		540871A525001F3200B5DD66 /* Assassin.swift in Sources */ = {isa = PBXBuildFile; fileRef = 540871A425001F3200B5DD66 /* Assassin.swift */; };
		540FF22B24FFA68400D99014 /* AppDelegate.swift in Sources */ = {isa = PBXBuildFile; fileRef = 540FF22A24FFA68400D99014 /* AppDelegate.swift */; };
		540FF22D24FFA68400D99014 /* SceneDelegate.swift in Sources */ = {isa = PBXBuildFile; fileRef = 540FF22C24FFA68400D99014 /* SceneDelegate.swift */; };
		540FF23024FFA68400D99014 /* Arena_Battle.xcdatamodeld in Sources */ = {isa = PBXBuildFile; fileRef = 540FF22E24FFA68400D99014 /* Arena_Battle.xcdatamodeld */; };
		540FF23224FFA68400D99014 /* ContentView.swift in Sources */ = {isa = PBXBuildFile; fileRef = 540FF23124FFA68400D99014 /* ContentView.swift */; };
		540FF23424FFA68600D99014 /* Assets.xcassets in Resources */ = {isa = PBXBuildFile; fileRef = 540FF23324FFA68600D99014 /* Assets.xcassets */; };
		540FF23724FFA68600D99014 /* Preview Assets.xcassets in Resources */ = {isa = PBXBuildFile; fileRef = 540FF23624FFA68600D99014 /* Preview Assets.xcassets */; };
		540FF23A24FFA68600D99014 /* LaunchScreen.storyboard in Resources */ = {isa = PBXBuildFile; fileRef = 540FF23824FFA68600D99014 /* LaunchScreen.storyboard */; };
		540FF24524FFA68600D99014 /* Arena_BattleTests.swift in Sources */ = {isa = PBXBuildFile; fileRef = 540FF24424FFA68600D99014 /* Arena_BattleTests.swift */; };
		540FF25024FFA68600D99014 /* Arena_BattleUITests.swift in Sources */ = {isa = PBXBuildFile; fileRef = 540FF24F24FFA68600D99014 /* Arena_BattleUITests.swift */; };
		540FF26124FFA7ED00D99014 /* Fighter.swift in Sources */ = {isa = PBXBuildFile; fileRef = 540FF26024FFA7ED00D99014 /* Fighter.swift */; };
		540FF26424FFA95400D99014 /* FighterExtension.swift in Sources */ = {isa = PBXBuildFile; fileRef = 540FF26324FFA95400D99014 /* FighterExtension.swift */; };
		540FF26724FFA9A200D99014 /* Attackable.swift in Sources */ = {isa = PBXBuildFile; fileRef = 540FF26624FFA9A200D99014 /* Attackable.swift */; };
		540FF26924FFA9C200D99014 /* Blockable.swift in Sources */ = {isa = PBXBuildFile; fileRef = 540FF26824FFA9C200D99014 /* Blockable.swift */; };
		540FF26B24FFAAD700D99014 /* FighterNames.swift in Sources */ = {isa = PBXBuildFile; fileRef = 540FF26A24FFAAD700D99014 /* FighterNames.swift */; };
		540FF26E24FFE77900D99014 /* Warrior.swift in Sources */ = {isa = PBXBuildFile; fileRef = 540FF26D24FFE77900D99014 /* Warrior.swift */; };
		540FF27024FFE7A000D99014 /* Mage.swift in Sources */ = {isa = PBXBuildFile; fileRef = 540FF26F24FFE7A000D99014 /* Mage.swift */; };
		540FF27224FFEB1500D99014 /* FighterDisplayView.swift in Sources */ = {isa = PBXBuildFile; fileRef = 540FF27124FFEB1500D99014 /* FighterDisplayView.swift */; };
		540FF274250003E200D99014 /* FightView.swift in Sources */ = {isa = PBXBuildFile; fileRef = 540FF273250003E200D99014 /* FightView.swift */; };
		540FF2772500114D00D99014 /* FightResult.swift in Sources */ = {isa = PBXBuildFile; fileRef = 540FF2762500114D00D99014 /* FightResult.swift */; };
		540FF279250011C800D99014 /* Battle.swift in Sources */ = {isa = PBXBuildFile; fileRef = 540FF278250011C800D99014 /* Battle.swift */; };
		540FF27B2500175C00D99014 /* FightState.swift in Sources */ = {isa = PBXBuildFile; fileRef = 540FF27A2500175C00D99014 /* FightState.swift */; };
/* End PBXBuildFile section */

/* Begin PBXContainerItemProxy section */
		540FF24124FFA68600D99014 /* PBXContainerItemProxy */ = {
			isa = PBXContainerItemProxy;
			containerPortal = 540FF21F24FFA68400D99014 /* Project object */;
			proxyType = 1;
			remoteGlobalIDString = 540FF22624FFA68400D99014;
			remoteInfo = "Arena-Battle";
		};
		540FF24C24FFA68600D99014 /* PBXContainerItemProxy */ = {
			isa = PBXContainerItemProxy;
			containerPortal = 540FF21F24FFA68400D99014 /* Project object */;
			proxyType = 1;
			remoteGlobalIDString = 540FF22624FFA68400D99014;
			remoteInfo = "Arena-Battle";
		};
/* End PBXContainerItemProxy section */

/* Begin PBXFileReference section */
		540871A425001F3200B5DD66 /* Assassin.swift */ = {isa = PBXFileReference; lastKnownFileType = sourcecode.swift; path = Assassin.swift; sourceTree = "<group>"; };
		540FF22724FFA68400D99014 /* Arena-Battle.app */ = {isa = PBXFileReference; explicitFileType = wrapper.application; includeInIndex = 0; path = "Arena-Battle.app"; sourceTree = BUILT_PRODUCTS_DIR; };
		540FF22A24FFA68400D99014 /* AppDelegate.swift */ = {isa = PBXFileReference; lastKnownFileType = sourcecode.swift; path = AppDelegate.swift; sourceTree = "<group>"; };
		540FF22C24FFA68400D99014 /* SceneDelegate.swift */ = {isa = PBXFileReference; lastKnownFileType = sourcecode.swift; path = SceneDelegate.swift; sourceTree = "<group>"; };
		540FF22F24FFA68400D99014 /* Arena_Battle.xcdatamodel */ = {isa = PBXFileReference; lastKnownFileType = wrapper.xcdatamodel; path = Arena_Battle.xcdatamodel; sourceTree = "<group>"; };
		540FF23124FFA68400D99014 /* ContentView.swift */ = {isa = PBXFileReference; lastKnownFileType = sourcecode.swift; path = ContentView.swift; sourceTree = "<group>"; };
		540FF23324FFA68600D99014 /* Assets.xcassets */ = {isa = PBXFileReference; lastKnownFileType = folder.assetcatalog; path = Assets.xcassets; sourceTree = "<group>"; };
		540FF23624FFA68600D99014 /* Preview Assets.xcassets */ = {isa = PBXFileReference; lastKnownFileType = folder.assetcatalog; path = "Preview Assets.xcassets"; sourceTree = "<group>"; };
		540FF23924FFA68600D99014 /* Base */ = {isa = PBXFileReference; lastKnownFileType = file.storyboard; name = Base; path = Base.lproj/LaunchScreen.storyboard; sourceTree = "<group>"; };
		540FF23B24FFA68600D99014 /* Info.plist */ = {isa = PBXFileReference; lastKnownFileType = text.plist.xml; path = Info.plist; sourceTree = "<group>"; };
		540FF24024FFA68600D99014 /* Arena-BattleTests.xctest */ = {isa = PBXFileReference; explicitFileType = wrapper.cfbundle; includeInIndex = 0; path = "Arena-BattleTests.xctest"; sourceTree = BUILT_PRODUCTS_DIR; };
		540FF24424FFA68600D99014 /* Arena_BattleTests.swift */ = {isa = PBXFileReference; lastKnownFileType = sourcecode.swift; path = Arena_BattleTests.swift; sourceTree = "<group>"; };
		540FF24624FFA68600D99014 /* Info.plist */ = {isa = PBXFileReference; lastKnownFileType = text.plist.xml; path = Info.plist; sourceTree = "<group>"; };
		540FF24B24FFA68600D99014 /* Arena-BattleUITests.xctest */ = {isa = PBXFileReference; explicitFileType = wrapper.cfbundle; includeInIndex = 0; path = "Arena-BattleUITests.xctest"; sourceTree = BUILT_PRODUCTS_DIR; };
		540FF24F24FFA68600D99014 /* Arena_BattleUITests.swift */ = {isa = PBXFileReference; lastKnownFileType = sourcecode.swift; path = Arena_BattleUITests.swift; sourceTree = "<group>"; };
		540FF25124FFA68600D99014 /* Info.plist */ = {isa = PBXFileReference; lastKnownFileType = text.plist.xml; path = Info.plist; sourceTree = "<group>"; };
		540FF26024FFA7ED00D99014 /* Fighter.swift */ = {isa = PBXFileReference; lastKnownFileType = sourcecode.swift; path = Fighter.swift; sourceTree = "<group>"; };
		540FF26324FFA95400D99014 /* FighterExtension.swift */ = {isa = PBXFileReference; lastKnownFileType = sourcecode.swift; path = FighterExtension.swift; sourceTree = "<group>"; };
		540FF26624FFA9A200D99014 /* Attackable.swift */ = {isa = PBXFileReference; lastKnownFileType = sourcecode.swift; path = Attackable.swift; sourceTree = "<group>"; };
		540FF26824FFA9C200D99014 /* Blockable.swift */ = {isa = PBXFileReference; lastKnownFileType = sourcecode.swift; path = Blockable.swift; sourceTree = "<group>"; };
		540FF26A24FFAAD700D99014 /* FighterNames.swift */ = {isa = PBXFileReference; lastKnownFileType = sourcecode.swift; path = FighterNames.swift; sourceTree = "<group>"; };
		540FF26D24FFE77900D99014 /* Warrior.swift */ = {isa = PBXFileReference; lastKnownFileType = sourcecode.swift; path = Warrior.swift; sourceTree = "<group>"; };
		540FF26F24FFE7A000D99014 /* Mage.swift */ = {isa = PBXFileReference; lastKnownFileType = sourcecode.swift; path = Mage.swift; sourceTree = "<group>"; };
		540FF27124FFEB1500D99014 /* FighterDisplayView.swift */ = {isa = PBXFileReference; lastKnownFileType = sourcecode.swift; path = FighterDisplayView.swift; sourceTree = "<group>"; };
		540FF273250003E200D99014 /* FightView.swift */ = {isa = PBXFileReference; lastKnownFileType = sourcecode.swift; path = FightView.swift; sourceTree = "<group>"; };
		540FF2762500114D00D99014 /* FightResult.swift */ = {isa = PBXFileReference; lastKnownFileType = sourcecode.swift; path = FightResult.swift; sourceTree = "<group>"; };
		540FF278250011C800D99014 /* Battle.swift */ = {isa = PBXFileReference; lastKnownFileType = sourcecode.swift; path = Battle.swift; sourceTree = "<group>"; };
		540FF27A2500175C00D99014 /* FightState.swift */ = {isa = PBXFileReference; lastKnownFileType = sourcecode.swift; path = FightState.swift; sourceTree = "<group>"; };
/* End PBXFileReference section */

/* Begin PBXFrameworksBuildPhase section */
		540FF22424FFA68400D99014 /* Frameworks */ = {
			isa = PBXFrameworksBuildPhase;
			buildActionMask = 2147483647;
			files = (
			);
			runOnlyForDeploymentPostprocessing = 0;
		};
		540FF23D24FFA68600D99014 /* Frameworks */ = {
			isa = PBXFrameworksBuildPhase;
			buildActionMask = 2147483647;
			files = (
			);
			runOnlyForDeploymentPostprocessing = 0;
		};
		540FF24824FFA68600D99014 /* Frameworks */ = {
			isa = PBXFrameworksBuildPhase;
			buildActionMask = 2147483647;
			files = (
			);
			runOnlyForDeploymentPostprocessing = 0;
		};
/* End PBXFrameworksBuildPhase section */

/* Begin PBXGroup section */
		540FF21E24FFA68400D99014 = {
			isa = PBXGroup;
			children = (
				540FF22924FFA68400D99014 /* Arena-Battle */,
				540FF24324FFA68600D99014 /* Arena-BattleTests */,
				540FF24E24FFA68600D99014 /* Arena-BattleUITests */,
				540FF22824FFA68400D99014 /* Products */,
			);
			sourceTree = "<group>";
		};
		540FF22824FFA68400D99014 /* Products */ = {
			isa = PBXGroup;
			children = (
				540FF22724FFA68400D99014 /* Arena-Battle.app */,
				540FF24024FFA68600D99014 /* Arena-BattleTests.xctest */,
				540FF24B24FFA68600D99014 /* Arena-BattleUITests.xctest */,
			);
			name = Products;
			sourceTree = "<group>";
		};
		540FF22924FFA68400D99014 /* Arena-Battle */ = {
			isa = PBXGroup;
			children = (
				540FF25F24FFA7C600D99014 /* Game */,
				540FF25D24FFA6F500D99014 /* App Delegates */,
				540FF25E24FFA76300D99014 /* Views */,
				540FF23324FFA68600D99014 /* Assets.xcassets */,
				540FF23824FFA68600D99014 /* LaunchScreen.storyboard */,
				540FF23B24FFA68600D99014 /* Info.plist */,
				540FF22E24FFA68400D99014 /* Arena_Battle.xcdatamodeld */,
				540FF23524FFA68600D99014 /* Preview Content */,
			);
			path = "Arena-Battle";
			sourceTree = "<group>";
		};
		540FF23524FFA68600D99014 /* Preview Content */ = {
			isa = PBXGroup;
			children = (
				540FF23624FFA68600D99014 /* Preview Assets.xcassets */,
			);
			path = "Preview Content";
			sourceTree = "<group>";
		};
		540FF24324FFA68600D99014 /* Arena-BattleTests */ = {
			isa = PBXGroup;
			children = (
				540FF24424FFA68600D99014 /* Arena_BattleTests.swift */,
				540FF24624FFA68600D99014 /* Info.plist */,
			);
			path = "Arena-BattleTests";
			sourceTree = "<group>";
		};
		540FF24E24FFA68600D99014 /* Arena-BattleUITests */ = {
			isa = PBXGroup;
			children = (
				540FF24F24FFA68600D99014 /* Arena_BattleUITests.swift */,
				540FF25124FFA68600D99014 /* Info.plist */,
			);
			path = "Arena-BattleUITests";
			sourceTree = "<group>";
		};
		540FF25D24FFA6F500D99014 /* App Delegates */ = {
			isa = PBXGroup;
			children = (
				540FF22A24FFA68400D99014 /* AppDelegate.swift */,
				540FF22C24FFA68400D99014 /* SceneDelegate.swift */,
			);
			path = "App Delegates";
			sourceTree = "<group>";
		};
		540FF25E24FFA76300D99014 /* Views */ = {
			isa = PBXGroup;
			children = (
				540FF273250003E200D99014 /* FightView.swift */,
				540FF23124FFA68400D99014 /* ContentView.swift */,
				540FF27124FFEB1500D99014 /* FighterDisplayView.swift */,
			);
			path = Views;
			sourceTree = "<group>";
		};
		540FF25F24FFA7C600D99014 /* Game */ = {
			isa = PBXGroup;
			children = (
				540FF275250010D200D99014 /* Fight */,
				540FF26C24FFE73D00D99014 /* Classes */,
				540FF26524FFA98D00D99014 /* Protocols */,
				540FF26224FFA94000D99014 /* Extensions */,
				540FF26024FFA7ED00D99014 /* Fighter.swift */,
				540FF26A24FFAAD700D99014 /* FighterNames.swift */,
			);
			path = Game;
			sourceTree = "<group>";
		};
		540FF26224FFA94000D99014 /* Extensions */ = {
			isa = PBXGroup;
			children = (
				540FF26324FFA95400D99014 /* FighterExtension.swift */,
			);
			path = Extensions;
			sourceTree = "<group>";
		};
		540FF26524FFA98D00D99014 /* Protocols */ = {
			isa = PBXGroup;
			children = (
				540FF26624FFA9A200D99014 /* Attackable.swift */,
				540FF26824FFA9C200D99014 /* Blockable.swift */,
			);
			path = Protocols;
			sourceTree = "<group>";
		};
		540FF26C24FFE73D00D99014 /* Classes */ = {
			isa = PBXGroup;
			children = (
				540FF26D24FFE77900D99014 /* Warrior.swift */,
				540FF26F24FFE7A000D99014 /* Mage.swift */,
				540871A425001F3200B5DD66 /* Assassin.swift */,
			);
			path = Classes;
			sourceTree = "<group>";
		};
		540FF275250010D200D99014 /* Fight */ = {
			isa = PBXGroup;
			children = (
				540FF2762500114D00D99014 /* FightResult.swift */,
				540FF278250011C800D99014 /* Battle.swift */,
				540FF27A2500175C00D99014 /* FightState.swift */,
			);
			path = Fight;
			sourceTree = "<group>";
		};
/* End PBXGroup section */

/* Begin PBXNativeTarget section */
		540FF22624FFA68400D99014 /* Arena-Battle */ = {
			isa = PBXNativeTarget;
			buildConfigurationList = 540FF25424FFA68600D99014 /* Build configuration list for PBXNativeTarget "Arena-Battle" */;
			buildPhases = (
				540FF22324FFA68400D99014 /* Sources */,
				540FF22424FFA68400D99014 /* Frameworks */,
				540FF22524FFA68400D99014 /* Resources */,
			);
			buildRules = (
			);
			dependencies = (
			);
			name = "Arena-Battle";
			productName = "Arena-Battle";
			productReference = 540FF22724FFA68400D99014 /* Arena-Battle.app */;
			productType = "com.apple.product-type.application";
		};
		540FF23F24FFA68600D99014 /* Arena-BattleTests */ = {
			isa = PBXNativeTarget;
			buildConfigurationList = 540FF25724FFA68600D99014 /* Build configuration list for PBXNativeTarget "Arena-BattleTests" */;
			buildPhases = (
				540FF23C24FFA68600D99014 /* Sources */,
				540FF23D24FFA68600D99014 /* Frameworks */,
				540FF23E24FFA68600D99014 /* Resources */,
			);
			buildRules = (
			);
			dependencies = (
				540FF24224FFA68600D99014 /* PBXTargetDependency */,
			);
			name = "Arena-BattleTests";
			productName = "Arena-BattleTests";
			productReference = 540FF24024FFA68600D99014 /* Arena-BattleTests.xctest */;
			productType = "com.apple.product-type.bundle.unit-test";
		};
		540FF24A24FFA68600D99014 /* Arena-BattleUITests */ = {
			isa = PBXNativeTarget;
			buildConfigurationList = 540FF25A24FFA68600D99014 /* Build configuration list for PBXNativeTarget "Arena-BattleUITests" */;
			buildPhases = (
				540FF24724FFA68600D99014 /* Sources */,
				540FF24824FFA68600D99014 /* Frameworks */,
				540FF24924FFA68600D99014 /* Resources */,
			);
			buildRules = (
			);
			dependencies = (
				540FF24D24FFA68600D99014 /* PBXTargetDependency */,
			);
			name = "Arena-BattleUITests";
			productName = "Arena-BattleUITests";
			productReference = 540FF24B24FFA68600D99014 /* Arena-BattleUITests.xctest */;
			productType = "com.apple.product-type.bundle.ui-testing";
		};
/* End PBXNativeTarget section */

/* Begin PBXProject section */
		540FF21F24FFA68400D99014 /* Project object */ = {
			isa = PBXProject;
			attributes = {
				LastSwiftUpdateCheck = 1160;
				LastUpgradeCheck = 1160;
				ORGANIZATIONNAME = "Joel Hoekstra";
				TargetAttributes = {
					540FF22624FFA68400D99014 = {
						CreatedOnToolsVersion = 11.6;
					};
					540FF23F24FFA68600D99014 = {
						CreatedOnToolsVersion = 11.6;
						TestTargetID = 540FF22624FFA68400D99014;
					};
					540FF24A24FFA68600D99014 = {
						CreatedOnToolsVersion = 11.6;
						TestTargetID = 540FF22624FFA68400D99014;
					};
				};
			};
			buildConfigurationList = 540FF22224FFA68400D99014 /* Build configuration list for PBXProject "Arena-Battle" */;
			compatibilityVersion = "Xcode 9.3";
			developmentRegion = en;
			hasScannedForEncodings = 0;
			knownRegions = (
				en,
				Base,
			);
			mainGroup = 540FF21E24FFA68400D99014;
			productRefGroup = 540FF22824FFA68400D99014 /* Products */;
			projectDirPath = "";
			projectRoot = "";
			targets = (
				540FF22624FFA68400D99014 /* Arena-Battle */,
				540FF23F24FFA68600D99014 /* Arena-BattleTests */,
				540FF24A24FFA68600D99014 /* Arena-BattleUITests */,
			);
		};
/* End PBXProject section */

/* Begin PBXResourcesBuildPhase section */
		540FF22524FFA68400D99014 /* Resources */ = {
			isa = PBXResourcesBuildPhase;
			buildActionMask = 2147483647;
			files = (
				540FF23A24FFA68600D99014 /* LaunchScreen.storyboard in Resources */,
				540FF23724FFA68600D99014 /* Preview Assets.xcassets in Resources */,
				540FF23424FFA68600D99014 /* Assets.xcassets in Resources */,
			);
			runOnlyForDeploymentPostprocessing = 0;
		};
		540FF23E24FFA68600D99014 /* Resources */ = {
			isa = PBXResourcesBuildPhase;
			buildActionMask = 2147483647;
			files = (
			);
			runOnlyForDeploymentPostprocessing = 0;
		};
		540FF24924FFA68600D99014 /* Resources */ = {
			isa = PBXResourcesBuildPhase;
			buildActionMask = 2147483647;
			files = (
			);
			runOnlyForDeploymentPostprocessing = 0;
		};
/* End PBXResourcesBuildPhase section */

/* Begin PBXSourcesBuildPhase section */
		540FF22324FFA68400D99014 /* Sources */ = {
			isa = PBXSourcesBuildPhase;
			buildActionMask = 2147483647;
			files = (
				540FF274250003E200D99014 /* FightView.swift in Sources */,
				540FF22B24FFA68400D99014 /* AppDelegate.swift in Sources */,
				540FF26924FFA9C200D99014 /* Blockable.swift in Sources */,
				540FF26B24FFAAD700D99014 /* FighterNames.swift in Sources */,
				540FF26424FFA95400D99014 /* FighterExtension.swift in Sources */,
				540FF2772500114D00D99014 /* FightResult.swift in Sources */,
				540FF279250011C800D99014 /* Battle.swift in Sources */,
				540FF26124FFA7ED00D99014 /* Fighter.swift in Sources */,
				540FF27224FFEB1500D99014 /* FighterDisplayView.swift in Sources */,
				540FF26724FFA9A200D99014 /* Attackable.swift in Sources */,
				540FF26E24FFE77900D99014 /* Warrior.swift in Sources */,
				540FF27024FFE7A000D99014 /* Mage.swift in Sources */,
				540FF23024FFA68400D99014 /* Arena_Battle.xcdatamodeld in Sources */,
				540FF23224FFA68400D99014 /* ContentView.swift in Sources */,
				540FF27B2500175C00D99014 /* FightState.swift in Sources */,
				540871A525001F3200B5DD66 /* Assassin.swift in Sources */,
				540FF22D24FFA68400D99014 /* SceneDelegate.swift in Sources */,
			);
			runOnlyForDeploymentPostprocessing = 0;
		};
		540FF23C24FFA68600D99014 /* Sources */ = {
			isa = PBXSourcesBuildPhase;
			buildActionMask = 2147483647;
			files = (
				540FF24524FFA68600D99014 /* Arena_BattleTests.swift in Sources */,
			);
			runOnlyForDeploymentPostprocessing = 0;
		};
		540FF24724FFA68600D99014 /* Sources */ = {
			isa = PBXSourcesBuildPhase;
			buildActionMask = 2147483647;
			files = (
				540FF25024FFA68600D99014 /* Arena_BattleUITests.swift in Sources */,
			);
			runOnlyForDeploymentPostprocessing = 0;
		};
/* End PBXSourcesBuildPhase section */

/* Begin PBXTargetDependency section */
		540FF24224FFA68600D99014 /* PBXTargetDependency */ = {
			isa = PBXTargetDependency;
			target = 540FF22624FFA68400D99014 /* Arena-Battle */;
			targetProxy = 540FF24124FFA68600D99014 /* PBXContainerItemProxy */;
		};
		540FF24D24FFA68600D99014 /* PBXTargetDependency */ = {
			isa = PBXTargetDependency;
			target = 540FF22624FFA68400D99014 /* Arena-Battle */;
			targetProxy = 540FF24C24FFA68600D99014 /* PBXContainerItemProxy */;
		};
/* End PBXTargetDependency section */

/* Begin PBXVariantGroup section */
		540FF23824FFA68600D99014 /* LaunchScreen.storyboard */ = {
			isa = PBXVariantGroup;
			children = (
				540FF23924FFA68600D99014 /* Base */,
			);
			name = LaunchScreen.storyboard;
			sourceTree = "<group>";
		};
/* End PBXVariantGroup section */

/* Begin XCBuildConfiguration section */
		540FF25224FFA68600D99014 /* Debug */ = {
			isa = XCBuildConfiguration;
			buildSettings = {
				ALWAYS_SEARCH_USER_PATHS = NO;
				CLANG_ANALYZER_NONNULL = YES;
				CLANG_ANALYZER_NUMBER_OBJECT_CONVERSION = YES_AGGRESSIVE;
				CLANG_CXX_LANGUAGE_STANDARD = "gnu++14";
				CLANG_CXX_LIBRARY = "libc++";
				CLANG_ENABLE_MODULES = YES;
				CLANG_ENABLE_OBJC_ARC = YES;
				CLANG_ENABLE_OBJC_WEAK = YES;
				CLANG_WARN_BLOCK_CAPTURE_AUTORELEASING = YES;
				CLANG_WARN_BOOL_CONVERSION = YES;
				CLANG_WARN_COMMA = YES;
				CLANG_WARN_CONSTANT_CONVERSION = YES;
				CLANG_WARN_DEPRECATED_OBJC_IMPLEMENTATIONS = YES;
				CLANG_WARN_DIRECT_OBJC_ISA_USAGE = YES_ERROR;
				CLANG_WARN_DOCUMENTATION_COMMENTS = YES;
				CLANG_WARN_EMPTY_BODY = YES;
				CLANG_WARN_ENUM_CONVERSION = YES;
				CLANG_WARN_INFINITE_RECURSION = YES;
				CLANG_WARN_INT_CONVERSION = YES;
				CLANG_WARN_NON_LITERAL_NULL_CONVERSION = YES;
				CLANG_WARN_OBJC_IMPLICIT_RETAIN_SELF = YES;
				CLANG_WARN_OBJC_LITERAL_CONVERSION = YES;
				CLANG_WARN_OBJC_ROOT_CLASS = YES_ERROR;
				CLANG_WARN_RANGE_LOOP_ANALYSIS = YES;
				CLANG_WARN_STRICT_PROTOTYPES = YES;
				CLANG_WARN_SUSPICIOUS_MOVE = YES;
				CLANG_WARN_UNGUARDED_AVAILABILITY = YES_AGGRESSIVE;
				CLANG_WARN_UNREACHABLE_CODE = YES;
				CLANG_WARN__DUPLICATE_METHOD_MATCH = YES;
				COPY_PHASE_STRIP = NO;
				DEBUG_INFORMATION_FORMAT = dwarf;
				ENABLE_STRICT_OBJC_MSGSEND = YES;
				ENABLE_TESTABILITY = YES;
				GCC_C_LANGUAGE_STANDARD = gnu11;
				GCC_DYNAMIC_NO_PIC = NO;
				GCC_NO_COMMON_BLOCKS = YES;
				GCC_OPTIMIZATION_LEVEL = 0;
				GCC_PREPROCESSOR_DEFINITIONS = (
					"DEBUG=1",
					"$(inherited)",
				);
				GCC_WARN_64_TO_32_BIT_CONVERSION = YES;
				GCC_WARN_ABOUT_RETURN_TYPE = YES_ERROR;
				GCC_WARN_UNDECLARED_SELECTOR = YES;
				GCC_WARN_UNINITIALIZED_AUTOS = YES_AGGRESSIVE;
				GCC_WARN_UNUSED_FUNCTION = YES;
				GCC_WARN_UNUSED_VARIABLE = YES;
				IPHONEOS_DEPLOYMENT_TARGET = 13.6;
				MTL_ENABLE_DEBUG_INFO = INCLUDE_SOURCE;
				MTL_FAST_MATH = YES;
				ONLY_ACTIVE_ARCH = YES;
				SDKROOT = iphoneos;
				SWIFT_ACTIVE_COMPILATION_CONDITIONS = DEBUG;
				SWIFT_OPTIMIZATION_LEVEL = "-Onone";
			};
			name = Debug;
		};
		540FF25324FFA68600D99014 /* Release */ = {
			isa = XCBuildConfiguration;
			buildSettings = {
				ALWAYS_SEARCH_USER_PATHS = NO;
				CLANG_ANALYZER_NONNULL = YES;
				CLANG_ANALYZER_NUMBER_OBJECT_CONVERSION = YES_AGGRESSIVE;
				CLANG_CXX_LANGUAGE_STANDARD = "gnu++14";
				CLANG_CXX_LIBRARY = "libc++";
				CLANG_ENABLE_MODULES = YES;
				CLANG_ENABLE_OBJC_ARC = YES;
				CLANG_ENABLE_OBJC_WEAK = YES;
				CLANG_WARN_BLOCK_CAPTURE_AUTORELEASING = YES;
				CLANG_WARN_BOOL_CONVERSION = YES;
				CLANG_WARN_COMMA = YES;
				CLANG_WARN_CONSTANT_CONVERSION = YES;
				CLANG_WARN_DEPRECATED_OBJC_IMPLEMENTATIONS = YES;
				CLANG_WARN_DIRECT_OBJC_ISA_USAGE = YES_ERROR;
				CLANG_WARN_DOCUMENTATION_COMMENTS = YES;
				CLANG_WARN_EMPTY_BODY = YES;
				CLANG_WARN_ENUM_CONVERSION = YES;
				CLANG_WARN_INFINITE_RECURSION = YES;
				CLANG_WARN_INT_CONVERSION = YES;
				CLANG_WARN_NON_LITERAL_NULL_CONVERSION = YES;
				CLANG_WARN_OBJC_IMPLICIT_RETAIN_SELF = YES;
				CLANG_WARN_OBJC_LITERAL_CONVERSION = YES;
				CLANG_WARN_OBJC_ROOT_CLASS = YES_ERROR;
				CLANG_WARN_RANGE_LOOP_ANALYSIS = YES;
				CLANG_WARN_STRICT_PROTOTYPES = YES;
				CLANG_WARN_SUSPICIOUS_MOVE = YES;
				CLANG_WARN_UNGUARDED_AVAILABILITY = YES_AGGRESSIVE;
				CLANG_WARN_UNREACHABLE_CODE = YES;
				CLANG_WARN__DUPLICATE_METHOD_MATCH = YES;
				COPY_PHASE_STRIP = NO;
				DEBUG_INFORMATION_FORMAT = "dwarf-with-dsym";
				ENABLE_NS_ASSERTIONS = NO;
				ENABLE_STRICT_OBJC_MSGSEND = YES;
				GCC_C_LANGUAGE_STANDARD = gnu11;
				GCC_NO_COMMON_BLOCKS = YES;
				GCC_WARN_64_TO_32_BIT_CONVERSION = YES;
				GCC_WARN_ABOUT_RETURN_TYPE = YES_ERROR;
				GCC_WARN_UNDECLARED_SELECTOR = YES;
				GCC_WARN_UNINITIALIZED_AUTOS = YES_AGGRESSIVE;
				GCC_WARN_UNUSED_FUNCTION = YES;
				GCC_WARN_UNUSED_VARIABLE = YES;
				IPHONEOS_DEPLOYMENT_TARGET = 13.6;
				MTL_ENABLE_DEBUG_INFO = NO;
				MTL_FAST_MATH = YES;
				SDKROOT = iphoneos;
				SWIFT_COMPILATION_MODE = wholemodule;
				SWIFT_OPTIMIZATION_LEVEL = "-O";
				VALIDATE_PRODUCT = YES;
			};
			name = Release;
		};
		540FF25524FFA68600D99014 /* Debug */ = {
			isa = XCBuildConfiguration;
			buildSettings = {
				ASSETCATALOG_COMPILER_APPICON_NAME = AppIcon;
				CODE_SIGN_STYLE = Automatic;
				DEVELOPMENT_ASSET_PATHS = "\"Arena-Battle/Preview Content\"";
				DEVELOPMENT_TEAM = 8SDVWDAE68;
				ENABLE_PREVIEWS = YES;
				INFOPLIST_FILE = "Arena-Battle/Info.plist";
				LD_RUNPATH_SEARCH_PATHS = (
					"$(inherited)",
					"@executable_path/Frameworks",
				);
				PRODUCT_BUNDLE_IDENTIFIER = "nl.joelhoekstra.Arena-Battle";
				PRODUCT_NAME = "$(TARGET_NAME)";
				SWIFT_VERSION = 5.0;
				TARGETED_DEVICE_FAMILY = "1,2";
			};
			name = Debug;
		};
		540FF25624FFA68600D99014 /* Release */ = {
			isa = XCBuildConfiguration;
			buildSettings = {
				ASSETCATALOG_COMPILER_APPICON_NAME = AppIcon;
				CODE_SIGN_STYLE = Automatic;
				DEVELOPMENT_ASSET_PATHS = "\"Arena-Battle/Preview Content\"";
				DEVELOPMENT_TEAM = 8SDVWDAE68;
				ENABLE_PREVIEWS = YES;
				INFOPLIST_FILE = "Arena-Battle/Info.plist";
				LD_RUNPATH_SEARCH_PATHS = (
					"$(inherited)",
					"@executable_path/Frameworks",
				);
				PRODUCT_BUNDLE_IDENTIFIER = "nl.joelhoekstra.Arena-Battle";
				PRODUCT_NAME = "$(TARGET_NAME)";
				SWIFT_VERSION = 5.0;
				TARGETED_DEVICE_FAMILY = "1,2";
			};
			name = Release;
		};
		540FF25824FFA68600D99014 /* Debug */ = {
			isa = XCBuildConfiguration;
			buildSettings = {
				ALWAYS_EMBED_SWIFT_STANDARD_LIBRARIES = YES;
				BUNDLE_LOADER = "$(TEST_HOST)";
				CODE_SIGN_STYLE = Automatic;
				DEVELOPMENT_TEAM = 8SDVWDAE68;
				INFOPLIST_FILE = "Arena-BattleTests/Info.plist";
				IPHONEOS_DEPLOYMENT_TARGET = 13.6;
				LD_RUNPATH_SEARCH_PATHS = (
					"$(inherited)",
					"@executable_path/Frameworks",
					"@loader_path/Frameworks",
				);
				PRODUCT_BUNDLE_IDENTIFIER = "nl.joelhoekstra.Arena-BattleTests";
				PRODUCT_NAME = "$(TARGET_NAME)";
				SWIFT_VERSION = 5.0;
				TARGETED_DEVICE_FAMILY = "1,2";
				TEST_HOST = "$(BUILT_PRODUCTS_DIR)/Arena-Battle.app/Arena-Battle";
			};
			name = Debug;
		};
		540FF25924FFA68600D99014 /* Release */ = {
			isa = XCBuildConfiguration;
			buildSettings = {
				ALWAYS_EMBED_SWIFT_STANDARD_LIBRARIES = YES;
				BUNDLE_LOADER = "$(TEST_HOST)";
				CODE_SIGN_STYLE = Automatic;
				DEVELOPMENT_TEAM = 8SDVWDAE68;
				INFOPLIST_FILE = "Arena-BattleTests/Info.plist";
				IPHONEOS_DEPLOYMENT_TARGET = 13.6;
				LD_RUNPATH_SEARCH_PATHS = (
					"$(inherited)",
					"@executable_path/Frameworks",
					"@loader_path/Frameworks",
				);
				PRODUCT_BUNDLE_IDENTIFIER = "nl.joelhoekstra.Arena-BattleTests";
				PRODUCT_NAME = "$(TARGET_NAME)";
				SWIFT_VERSION = 5.0;
				TARGETED_DEVICE_FAMILY = "1,2";
				TEST_HOST = "$(BUILT_PRODUCTS_DIR)/Arena-Battle.app/Arena-Battle";
			};
			name = Release;
		};
		540FF25B24FFA68600D99014 /* Debug */ = {
			isa = XCBuildConfiguration;
			buildSettings = {
				ALWAYS_EMBED_SWIFT_STANDARD_LIBRARIES = YES;
				CODE_SIGN_STYLE = Automatic;
				DEVELOPMENT_TEAM = 8SDVWDAE68;
				INFOPLIST_FILE = "Arena-BattleUITests/Info.plist";
				LD_RUNPATH_SEARCH_PATHS = (
					"$(inherited)",
					"@executable_path/Frameworks",
					"@loader_path/Frameworks",
				);
				PRODUCT_BUNDLE_IDENTIFIER = "nl.joelhoekstra.Arena-BattleUITests";
				PRODUCT_NAME = "$(TARGET_NAME)";
				SWIFT_VERSION = 5.0;
				TARGETED_DEVICE_FAMILY = "1,2";
				TEST_TARGET_NAME = "Arena-Battle";
			};
			name = Debug;
		};
		540FF25C24FFA68600D99014 /* Release */ = {
			isa = XCBuildConfiguration;
			buildSettings = {
				ALWAYS_EMBED_SWIFT_STANDARD_LIBRARIES = YES;
				CODE_SIGN_STYLE = Automatic;
				DEVELOPMENT_TEAM = 8SDVWDAE68;
				INFOPLIST_FILE = "Arena-BattleUITests/Info.plist";
				LD_RUNPATH_SEARCH_PATHS = (
					"$(inherited)",
					"@executable_path/Frameworks",
					"@loader_path/Frameworks",
				);
				PRODUCT_BUNDLE_IDENTIFIER = "nl.joelhoekstra.Arena-BattleUITests";
				PRODUCT_NAME = "$(TARGET_NAME)";
				SWIFT_VERSION = 5.0;
				TARGETED_DEVICE_FAMILY = "1,2";
				TEST_TARGET_NAME = "Arena-Battle";
			};
			name = Release;
		};
/* End XCBuildConfiguration section */

/* Begin XCConfigurationList section */
		540FF22224FFA68400D99014 /* Build configuration list for PBXProject "Arena-Battle" */ = {
			isa = XCConfigurationList;
			buildConfigurations = (
				540FF25224FFA68600D99014 /* Debug */,
				540FF25324FFA68600D99014 /* Release */,
			);
			defaultConfigurationIsVisible = 0;
			defaultConfigurationName = Release;
		};
		540FF25424FFA68600D99014 /* Build configuration list for PBXNativeTarget "Arena-Battle" */ = {
			isa = XCConfigurationList;
			buildConfigurations = (
				540FF25524FFA68600D99014 /* Debug */,
				540FF25624FFA68600D99014 /* Release */,
			);
			defaultConfigurationIsVisible = 0;
			defaultConfigurationName = Release;
		};
		540FF25724FFA68600D99014 /* Build configuration list for PBXNativeTarget "Arena-BattleTests" */ = {
			isa = XCConfigurationList;
			buildConfigurations = (
				540FF25824FFA68600D99014 /* Debug */,
				540FF25924FFA68600D99014 /* Release */,
			);
			defaultConfigurationIsVisible = 0;
			defaultConfigurationName = Release;
		};
		540FF25A24FFA68600D99014 /* Build configuration list for PBXNativeTarget "Arena-BattleUITests" */ = {
			isa = XCConfigurationList;
			buildConfigurations = (
				540FF25B24FFA68600D99014 /* Debug */,
				540FF25C24FFA68600D99014 /* Release */,
			);
			defaultConfigurationIsVisible = 0;
			defaultConfigurationName = Release;
		};
/* End XCConfigurationList section */

/* Begin XCVersionGroup section */
		540FF22E24FFA68400D99014 /* Arena_Battle.xcdatamodeld */ = {
			isa = XCVersionGroup;
			children = (
				540FF22F24FFA68400D99014 /* Arena_Battle.xcdatamodel */,
			);
			currentVersion = 540FF22F24FFA68400D99014 /* Arena_Battle.xcdatamodel */;
			path = Arena_Battle.xcdatamodeld;
			sourceTree = "<group>";
			versionGroupType = wrapper.xcdatamodel;
		};
/* End XCVersionGroup section */
	};
	rootObject = 540FF21F24FFA68400D99014 /* Project object */;
}
